
Microsoft Visual Studio Solution File, Format Version 12.00
# Visual Studio Version 17
VisualStudioVersion = 17.10.34607.79
MinimumVisualStudioVersion = 10.0.40219.1
Project("{9A19103F-16F7-4668-BE54-9A1E7A4F7556}") = "FancadeLoaderLib", "FancadeLoaderLib\FancadeLoaderLib.csproj", "{B1BFBF64-A1D8-40AE-AE1A-334C2BC142A6}"
EndProject
Project("{FAE04EC0-301F-11D3-BF4B-00C04F79EFBC}") = "FancadeLoaderLib.Editing", "FancadeLoaderLib.Editing\FancadeLoaderLib.Editing.csproj", "{8CD4131B-EBEE-44FF-8F80-DF7469C1E521}"
EndProject
Global
	GlobalSection(SolutionConfigurationPlatforms) = preSolution
		Debug|Any CPU = Debug|Any CPU
		Release|Any CPU = Release|Any CPU
	EndGlobalSection
	GlobalSection(ProjectConfigurationPlatforms) = postSolution
		{B1BFBF64-A1D8-40AE-AE1A-334C2BC142A6}.Debug|Any CPU.ActiveCfg = Debug|Any CPU
		{B1BFBF64-A1D8-40AE-AE1A-334C2BC142A6}.Debug|Any CPU.Build.0 = Debug|Any CPU
		{B1BFBF64-A1D8-40AE-AE1A-334C2BC142A6}.Release|Any CPU.ActiveCfg = Release|Any CPU
		{B1BFBF64-A1D8-40AE-AE1A-334C2BC142A6}.Release|Any CPU.Build.0 = Release|Any CPU
		{8CD4131B-EBEE-44FF-8F80-DF7469C1E521}.Debug|Any CPU.ActiveCfg = Debug|Any CPU
		{8CD4131B-EBEE-44FF-8F80-DF7469C1E521}.Debug|Any CPU.Build.0 = Debug|Any CPU
		{8CD4131B-EBEE-44FF-8F80-DF7469C1E521}.Release|Any CPU.ActiveCfg = Release|Any CPU
		{8CD4131B-EBEE-44FF-8F80-DF7469C1E521}.Release|Any CPU.Build.0 = Release|Any CPU
	EndGlobalSection
	GlobalSection(SolutionProperties) = preSolution
		HideSolutionNode = FALSE
	EndGlobalSection
	GlobalSection(ExtensibilityGlobals) = postSolution
		SolutionGuid = {5460B83A-CFC4-4E3E-9ABB-95DCBB9C229B}
	EndGlobalSection
EndGlobal
