
Microsoft Visual Studio Solution File, Format Version 12.00
# Visual Studio Version 17
VisualStudioVersion = 17.10.34607.79
MinimumVisualStudioVersion = 10.0.40219.1
Project("{9A19103F-16F7-4668-BE54-9A1E7A4F7556}") = "FancadeLoaderLib", "FancadeLoaderLib\FancadeLoaderLib.csproj", "{B1BFBF64-A1D8-40AE-AE1A-334C2BC142A6}"
EndProject
Project("{9A19103F-16F7-4668-BE54-9A1E7A4F7556}") = "FancadeLoaderLib.Editing", "FancadeLoaderLib.Editing\FancadeLoaderLib.Editing.csproj", "{8CD4131B-EBEE-44FF-8F80-DF7469C1E521}"
EndProject
Project("{2150E333-8FDC-42A3-9474-1A3956D46DE8}") = "Solution Items", "Solution Items", "{8EC462FD-D22E-90A8-E5CE-7E832BA40C5D}"
	ProjectSection(SolutionItems) = preProject
		.editorconfig = .editorconfig
	EndProjectSection
EndProject
Project("{9A19103F-16F7-4668-BE54-9A1E7A4F7556}") = "FancadeLoaderLib.Tests", "FancadeLoaderLib.Tests\FancadeLoaderLib.Tests.csproj", "{4CDB30B1-F40F-AE0A-AC4C-F54975BB1F19}"
EndProject
Project("{9A19103F-16F7-4668-BE54-9A1E7A4F7556}") = "FancadeLoaderLib.Editing.Tests", "FancadeLoaderLib.Editing.Tests\FancadeLoaderLib.Editing.Tests.csproj", "{8D12D703-2743-C6E9-9B2D-91DE6FFA704F}"
EndProject
Project("{9A19103F-16F7-4668-BE54-9A1E7A4F7556}") = "FancadeLoaderLib.Tests.Common", "FancadeLoaderLib.Tests.Common\FancadeLoaderLib.Tests.Common.csproj", "{63969A28-0AED-4193-895B-E3882D10B057}"
EndProject
Project("{FAE04EC0-301F-11D3-BF4B-00C04F79EFBC}") = "FancadeLoaderLib.Runtime", "FancadeLoaderLib.Runtime\FancadeLoaderLib.Runtime.csproj", "{980B0B30-601D-467E-A859-383C9FBD7EBB}"
EndProject
Project("{FAE04EC0-301F-11D3-BF4B-00C04F79EFBC}") = "FancadeLoaderLib.Runtime.Compiled", "FancadeLoaderLib.Runtime.Compiled\FancadeLoaderLib.Runtime.Compiled.csproj", "{02236C10-33BB-4C86-88F8-EE514C491048}"
EndProject
Project("{FAE04EC0-301F-11D3-BF4B-00C04F79EFBC}") = "FancadeLoaderLib.Runtime.Bullet", "FancadeLoaderLib.Runtime.Bullet\FancadeLoaderLib.Runtime.Bullet.csproj", "{65DF595F-4874-4EA0-8A02-B4C566380BFD}"
EndProject
Project("{FAE04EC0-301F-11D3-BF4B-00C04F79EFBC}") = "BulletSharp", "..\libs\BulletSharpPInvoke\BulletSharp\BulletSharp.csproj", "{F0C5628E-1297-3EC7-45EA-6286D97AA0B3}"
EndProject
Global
	GlobalSection(SolutionConfigurationPlatforms) = preSolution
		Debug|Any CPU = Debug|Any CPU
		Release|Any CPU = Release|Any CPU
	EndGlobalSection
	GlobalSection(ProjectConfigurationPlatforms) = postSolution
		{B1BFBF64-A1D8-40AE-AE1A-334C2BC142A6}.Debug|Any CPU.ActiveCfg = Debug|Any CPU
		{B1BFBF64-A1D8-40AE-AE1A-334C2BC142A6}.Debug|Any CPU.Build.0 = Debug|Any CPU
		{B1BFBF64-A1D8-40AE-AE1A-334C2BC142A6}.Release|Any CPU.ActiveCfg = Release|Any CPU
		{B1BFBF64-A1D8-40AE-AE1A-334C2BC142A6}.Release|Any CPU.Build.0 = Release|Any CPU
		{8CD4131B-EBEE-44FF-8F80-DF7469C1E521}.Debug|Any CPU.ActiveCfg = Debug|Any CPU
		{8CD4131B-EBEE-44FF-8F80-DF7469C1E521}.Debug|Any CPU.Build.0 = Debug|Any CPU
		{8CD4131B-EBEE-44FF-8F80-DF7469C1E521}.Release|Any CPU.ActiveCfg = Release|Any CPU
		{8CD4131B-EBEE-44FF-8F80-DF7469C1E521}.Release|Any CPU.Build.0 = Release|Any CPU
		{4CDB30B1-F40F-AE0A-AC4C-F54975BB1F19}.Debug|Any CPU.ActiveCfg = Debug|Any CPU
		{4CDB30B1-F40F-AE0A-AC4C-F54975BB1F19}.Debug|Any CPU.Build.0 = Debug|Any CPU
		{4CDB30B1-F40F-AE0A-AC4C-F54975BB1F19}.Release|Any CPU.ActiveCfg = Release|Any CPU
		{4CDB30B1-F40F-AE0A-AC4C-F54975BB1F19}.Release|Any CPU.Build.0 = Release|Any CPU
		{8D12D703-2743-C6E9-9B2D-91DE6FFA704F}.Debug|Any CPU.ActiveCfg = Debug|Any CPU
		{8D12D703-2743-C6E9-9B2D-91DE6FFA704F}.Debug|Any CPU.Build.0 = Debug|Any CPU
		{8D12D703-2743-C6E9-9B2D-91DE6FFA704F}.Release|Any CPU.ActiveCfg = Release|Any CPU
		{8D12D703-2743-C6E9-9B2D-91DE6FFA704F}.Release|Any CPU.Build.0 = Release|Any CPU
		{63969A28-0AED-4193-895B-E3882D10B057}.Debug|Any CPU.ActiveCfg = Debug|Any CPU
		{63969A28-0AED-4193-895B-E3882D10B057}.Debug|Any CPU.Build.0 = Debug|Any CPU
		{63969A28-0AED-4193-895B-E3882D10B057}.Release|Any CPU.ActiveCfg = Release|Any CPU
		{63969A28-0AED-4193-895B-E3882D10B057}.Release|Any CPU.Build.0 = Release|Any CPU
		{980B0B30-601D-467E-A859-383C9FBD7EBB}.Debug|Any CPU.ActiveCfg = Debug|Any CPU
		{980B0B30-601D-467E-A859-383C9FBD7EBB}.Debug|Any CPU.Build.0 = Debug|Any CPU
		{980B0B30-601D-467E-A859-383C9FBD7EBB}.Release|Any CPU.ActiveCfg = Release|Any CPU
		{980B0B30-601D-467E-A859-383C9FBD7EBB}.Release|Any CPU.Build.0 = Release|Any CPU
		{02236C10-33BB-4C86-88F8-EE514C491048}.Debug|Any CPU.ActiveCfg = Debug|Any CPU
		{02236C10-33BB-4C86-88F8-EE514C491048}.Debug|Any CPU.Build.0 = Debug|Any CPU
		{02236C10-33BB-4C86-88F8-EE514C491048}.Release|Any CPU.ActiveCfg = Release|Any CPU
		{02236C10-33BB-4C86-88F8-EE514C491048}.Release|Any CPU.Build.0 = Release|Any CPU
		{65DF595F-4874-4EA0-8A02-B4C566380BFD}.Debug|Any CPU.ActiveCfg = Debug|Any CPU
		{65DF595F-4874-4EA0-8A02-B4C566380BFD}.Debug|Any CPU.Build.0 = Debug|Any CPU
		{65DF595F-4874-4EA0-8A02-B4C566380BFD}.Release|Any CPU.ActiveCfg = Release|Any CPU
		{65DF595F-4874-4EA0-8A02-B4C566380BFD}.Release|Any CPU.Build.0 = Release|Any CPU
		{F0C5628E-1297-3EC7-45EA-6286D97AA0B3}.Debug|Any CPU.ActiveCfg = Debug|Any CPU
		{F0C5628E-1297-3EC7-45EA-6286D97AA0B3}.Debug|Any CPU.Build.0 = Debug|Any CPU
		{F0C5628E-1297-3EC7-45EA-6286D97AA0B3}.Release|Any CPU.ActiveCfg = Release|Any CPU
		{F0C5628E-1297-3EC7-45EA-6286D97AA0B3}.Release|Any CPU.Build.0 = Release|Any CPU
	EndGlobalSection
	GlobalSection(SolutionProperties) = preSolution
		HideSolutionNode = FALSE
	EndGlobalSection
	GlobalSection(ExtensibilityGlobals) = postSolution
		SolutionGuid = {5460B83A-CFC4-4E3E-9ABB-95DCBB9C229B}
	EndGlobalSection
EndGlobal
